
Microsoft Visual Studio Solution File, Format Version 12.00
# Visual Studio Version 17
VisualStudioVersion = 17.5.33516.290
MinimumVisualStudioVersion = 10.0.40219.1
Project("{FAE04EC0-301F-11D3-BF4B-00C04F79EFBC}") = "fukuv0622", "fukuv0622\fukuv0622.csproj", "{E66AE3AE-99AD-4546-903A-C2C5543E6C5D}"
EndProject
Global
	GlobalSection(SolutionConfigurationPlatforms) = preSolution
		Debug|Any CPU = Debug|Any CPU
		Release|Any CPU = Release|Any CPU
	EndGlobalSection
	GlobalSection(ProjectConfigurationPlatforms) = postSolution
		{E66AE3AE-99AD-4546-903A-C2C5543E6C5D}.Debug|Any CPU.ActiveCfg = Debug|Any CPU
		{E66AE3AE-99AD-4546-903A-C2C5543E6C5D}.Debug|Any CPU.Build.0 = Debug|Any CPU
		{E66AE3AE-99AD-4546-903A-C2C5543E6C5D}.Release|Any CPU.ActiveCfg = Release|Any CPU
		{E66AE3AE-99AD-4546-903A-C2C5543E6C5D}.Release|Any CPU.Build.0 = Release|Any CPU
	EndGlobalSection
	GlobalSection(SolutionProperties) = preSolution
		HideSolutionNode = FALSE
	EndGlobalSection
	GlobalSection(ExtensibilityGlobals) = postSolution
		SolutionGuid = {6128C712-0086-4FCF-8B61-BA962D9EB8ED}
	EndGlobalSection
EndGlobal
